<?xml version="1.0" encoding="utf-8"?>
<Project ToolsVersion="4.0" xmlns="http://schemas.microsoft.com/developer/msbuild/2003">
  <ItemGroup>
    <ClCompile Include="main.cpp" />
  </ItemGroup>
  <ItemGroup>
    <None Include="PropertySheet.props" />
    <None Include="packages.config" />
  </ItemGroup>
  <ItemGroup>
    <Filter Include="cppcodec">
      <UniqueIdentifier>{68add4e9-e572-4bd4-b3e8-d69ee6b10265}</UniqueIdentifier>
    </Filter>
    <Filter Include="cppcodec\detail">
      <UniqueIdentifier>{d2423271-7f00-42a0-82c0-0716f655f040}</UniqueIdentifier>
    </Filter>
    <Filter Include="cppcodec\data">
      <UniqueIdentifier>{8d39b59a-b583-490a-a303-bfb16a8d4ae2}</UniqueIdentifier>
    </Filter>
  </ItemGroup>
  <ItemGroup>
    <ClInclude Include="cppcodec\detail\base64.hpp">
      <Filter>cppcodec\detail</Filter>
    </ClInclude>
    <ClInclude Include="cppcodec\detail\codec.hpp">
      <Filter>cppcodec\detail</Filter>
    </ClInclude>
    <ClInclude Include="cppcodec\detail\config.hpp">
      <Filter>cppcodec\detail</Filter>
    </ClInclude>
    <ClInclude Include="cppcodec\detail\hex.hpp">
      <Filter>cppcodec\detail</Filter>
    </ClInclude>
    <ClInclude Include="cppcodec\detail\stream_codec.hpp">
      <Filter>cppcodec\detail</Filter>
    </ClInclude>
    <ClInclude Include="cppcodec\detail\base32.hpp">
      <Filter>cppcodec\detail</Filter>
    </ClInclude>
    <ClInclude Include="cppcodec\data\raw_result_buffer.hpp">
      <Filter>cppcodec\data</Filter>
    </ClInclude>
    <ClInclude Include="cppcodec\data\access.hpp">
      <Filter>cppcodec\data</Filter>
    </ClInclude>
    <ClInclude Include="cppcodec\base32_default_hex.hpp">
      <Filter>cppcodec</Filter>
    </ClInclude>
    <ClInclude Include="cppcodec\base32_default_rfc4648.hpp">
      <Filter>cppcodec</Filter>
    </ClInclude>
    <ClInclude Include="cppcodec\base32_hex.hpp">
      <Filter>cppcodec</Filter>
    </ClInclude>
    <ClInclude Include="cppcodec\base32_rfc4648.hpp">
      <Filter>cppcodec</Filter>
    </ClInclude>
    <ClInclude Include="cppcodec\base64_default_rfc4648.hpp">
      <Filter>cppcodec</Filter>
    </ClInclude>
    <ClInclude Include="cppcodec\base64_default_url.hpp">
      <Filter>cppcodec</Filter>
    </ClInclude>
    <ClInclude Include="cppcodec\base64_default_url_unpadded.hpp">
      <Filter>cppcodec</Filter>
    </ClInclude>
    <ClInclude Include="cppcodec\base64_rfc4648.hpp">
      <Filter>cppcodec</Filter>
    </ClInclude>
    <ClInclude Include="cppcodec\base64_url.hpp">
      <Filter>cppcodec</Filter>
    </ClInclude>
    <ClInclude Include="cppcodec\base64_url_unpadded.hpp">
      <Filter>cppcodec</Filter>
    </ClInclude>
    <ClInclude Include="cppcodec\hex_default_lower.hpp">
      <Filter>cppcodec</Filter>
    </ClInclude>
    <ClInclude Include="cppcodec\hex_default_upper.hpp">
      <Filter>cppcodec</Filter>
    </ClInclude>
    <ClInclude Include="cppcodec\hex_lower.hpp">
      <Filter>cppcodec</Filter>
    </ClInclude>
    <ClInclude Include="cppcodec\hex_upper.hpp">
      <Filter>cppcodec</Filter>
    </ClInclude>
    <ClInclude Include="cppcodec\parse_error.hpp">
      <Filter>cppcodec</Filter>
    </ClInclude>
    <ClInclude Include="cppcodec\base32_crockford.hpp">
      <Filter>cppcodec</Filter>
    </ClInclude>
    <ClInclude Include="cppcodec\base32_default_crockford.hpp">
      <Filter>cppcodec</Filter>
    </ClInclude>
    <ClInclude Include="json.hpp" />
  </ItemGroup>
  <ItemGroup>
    <Text Include="README.md" />
  </ItemGroup>
</Project>